// !$*UTF8*$!
{
	archiveVersion = 1;
	classes = {
	};
	objectVersion = 50;
	objects = {

/* Begin PBXBuildFile section */
		0FA453F7C5A3DC9EEDFF4770 /* Pods_TumblrUITests.framework in Frameworks */ = {isa = PBXBuildFile; fileRef = 88C374B6B75684CDA74883F6 /* Pods_TumblrUITests.framework */; };
		196EA34D2329D19E00222796 /* AppDelegate.swift in Sources */ = {isa = PBXBuildFile; fileRef = 196EA34C2329D19E00222796 /* AppDelegate.swift */; };
		196EA3522329D19E00222796 /* Main.storyboard in Resources */ = {isa = PBXBuildFile; fileRef = 196EA3502329D19E00222796 /* Main.storyboard */; };
		196EA3542329D19F00222796 /* Assets.xcassets in Resources */ = {isa = PBXBuildFile; fileRef = 196EA3532329D19F00222796 /* Assets.xcassets */; };
		196EA3572329D19F00222796 /* LaunchScreen.storyboard in Resources */ = {isa = PBXBuildFile; fileRef = 196EA3552329D19F00222796 /* LaunchScreen.storyboard */; };
		196EA3622329D19F00222796 /* TumblrTests.swift in Sources */ = {isa = PBXBuildFile; fileRef = 196EA3612329D19F00222796 /* TumblrTests.swift */; };
		196EA36D2329D19F00222796 /* TumblrUITests.swift in Sources */ = {isa = PBXBuildFile; fileRef = 196EA36C2329D19F00222796 /* TumblrUITests.swift */; };
		196EA37B2329D21F00222796 /* PhotosViewController.swift in Sources */ = {isa = PBXBuildFile; fileRef = 196EA37A2329D21F00222796 /* PhotosViewController.swift */; };
		196EA37F2329D6FD00222796 /* PhotoCell.swift in Sources */ = {isa = PBXBuildFile; fileRef = 196EA37E2329D6FD00222796 /* PhotoCell.swift */; };
		BC65456E938ADEFE199731A6 /* Pods_Tumblr.framework in Frameworks */ = {isa = PBXBuildFile; fileRef = 7CE1A414563ED397B093DB9C /* Pods_Tumblr.framework */; };
		D356131326160034AC96D2B1 /* Pods_TumblrTests.framework in Frameworks */ = {isa = PBXBuildFile; fileRef = 5ED0989120E68BFD97B056D7 /* Pods_TumblrTests.framework */; };
/* End PBXBuildFile section */

/* Begin PBXContainerItemProxy section */
		196EA35E2329D19F00222796 /* PBXContainerItemProxy */ = {
			isa = PBXContainerItemProxy;
			containerPortal = 196EA3412329D19E00222796 /* Project object */;
			proxyType = 1;
			remoteGlobalIDString = 196EA3482329D19E00222796;
			remoteInfo = Tumblr;
		};
		196EA3692329D19F00222796 /* PBXContainerItemProxy */ = {
			isa = PBXContainerItemProxy;
			containerPortal = 196EA3412329D19E00222796 /* Project object */;
			proxyType = 1;
			remoteGlobalIDString = 196EA3482329D19E00222796;
			remoteInfo = Tumblr;
		};
/* End PBXContainerItemProxy section */

/* Begin PBXFileReference section */
		13B4591FE55126C2C76C86BF /* Pods-Tumblr.debug.xcconfig */ = {isa = PBXFileReference; includeInIndex = 1; lastKnownFileType = text.xcconfig; name = "Pods-Tumblr.debug.xcconfig"; path = "Target Support Files/Pods-Tumblr/Pods-Tumblr.debug.xcconfig"; sourceTree = "<group>"; };
		196EA3492329D19E00222796 /* Tumblr.app */ = {isa = PBXFileReference; explicitFileType = wrapper.application; includeInIndex = 0; path = Tumblr.app; sourceTree = BUILT_PRODUCTS_DIR; };
		196EA34C2329D19E00222796 /* AppDelegate.swift */ = {isa = PBXFileReference; lastKnownFileType = sourcecode.swift; path = AppDelegate.swift; sourceTree = "<group>"; };
		196EA3512329D19E00222796 /* Base */ = {isa = PBXFileReference; lastKnownFileType = file.storyboard; name = Base; path = Base.lproj/Main.storyboard; sourceTree = "<group>"; };
		196EA3532329D19F00222796 /* Assets.xcassets */ = {isa = PBXFileReference; lastKnownFileType = folder.assetcatalog; path = Assets.xcassets; sourceTree = "<group>"; };
		196EA3562329D19F00222796 /* Base */ = {isa = PBXFileReference; lastKnownFileType = file.storyboard; name = Base; path = Base.lproj/LaunchScreen.storyboard; sourceTree = "<group>"; };
		196EA3582329D19F00222796 /* Info.plist */ = {isa = PBXFileReference; lastKnownFileType = text.plist.xml; path = Info.plist; sourceTree = "<group>"; };
		196EA35D2329D19F00222796 /* TumblrTests.xctest */ = {isa = PBXFileReference; explicitFileType = wrapper.cfbundle; includeInIndex = 0; path = TumblrTests.xctest; sourceTree = BUILT_PRODUCTS_DIR; };
		196EA3612329D19F00222796 /* TumblrTests.swift */ = {isa = PBXFileReference; lastKnownFileType = sourcecode.swift; path = TumblrTests.swift; sourceTree = "<group>"; };
		196EA3632329D19F00222796 /* Info.plist */ = {isa = PBXFileReference; lastKnownFileType = text.plist.xml; path = Info.plist; sourceTree = "<group>"; };
		196EA3682329D19F00222796 /* TumblrUITests.xctest */ = {isa = PBXFileReference; explicitFileType = wrapper.cfbundle; includeInIndex = 0; path = TumblrUITests.xctest; sourceTree = BUILT_PRODUCTS_DIR; };
		196EA36C2329D19F00222796 /* TumblrUITests.swift */ = {isa = PBXFileReference; lastKnownFileType = sourcecode.swift; path = TumblrUITests.swift; sourceTree = "<group>"; };
		196EA36E2329D19F00222796 /* Info.plist */ = {isa = PBXFileReference; lastKnownFileType = text.plist.xml; path = Info.plist; sourceTree = "<group>"; };
		196EA37A2329D21F00222796 /* PhotosViewController.swift */ = {isa = PBXFileReference; lastKnownFileType = sourcecode.swift; path = PhotosViewController.swift; sourceTree = "<group>"; };
		196EA37E2329D6FD00222796 /* PhotoCell.swift */ = {isa = PBXFileReference; lastKnownFileType = sourcecode.swift; path = PhotoCell.swift; sourceTree = "<group>"; };
		4C22B729640B3C520FA093B8 /* Pods-TumblrTests.release.xcconfig */ = {isa = PBXFileReference; includeInIndex = 1; lastKnownFileType = text.xcconfig; name = "Pods-TumblrTests.release.xcconfig"; path = "Target Support Files/Pods-TumblrTests/Pods-TumblrTests.release.xcconfig"; sourceTree = "<group>"; };
		5709C99E6584DB1D68869126 /* Pods-TumblrTests.debug.xcconfig */ = {isa = PBXFileReference; includeInIndex = 1; lastKnownFileType = text.xcconfig; name = "Pods-TumblrTests.debug.xcconfig"; path = "Target Support Files/Pods-TumblrTests/Pods-TumblrTests.debug.xcconfig"; sourceTree = "<group>"; };
		5ED0989120E68BFD97B056D7 /* Pods_TumblrTests.framework */ = {isa = PBXFileReference; explicitFileType = wrapper.framework; includeInIndex = 0; path = Pods_TumblrTests.framework; sourceTree = BUILT_PRODUCTS_DIR; };
		7CE1A414563ED397B093DB9C /* Pods_Tumblr.framework */ = {isa = PBXFileReference; explicitFileType = wrapper.framework; includeInIndex = 0; path = Pods_Tumblr.framework; sourceTree = BUILT_PRODUCTS_DIR; };
		88C374B6B75684CDA74883F6 /* Pods_TumblrUITests.framework */ = {isa = PBXFileReference; explicitFileType = wrapper.framework; includeInIndex = 0; path = Pods_TumblrUITests.framework; sourceTree = BUILT_PRODUCTS_DIR; };
		AFE76F6CE7BB9E7D9C78A5C9 /* Pods-Tumblr.release.xcconfig */ = {isa = PBXFileReference; includeInIndex = 1; lastKnownFileType = text.xcconfig; name = "Pods-Tumblr.release.xcconfig"; path = "Target Support Files/Pods-Tumblr/Pods-Tumblr.release.xcconfig"; sourceTree = "<group>"; };
		E16D609C474100260D9D9B88 /* Pods-TumblrUITests.debug.xcconfig */ = {isa = PBXFileReference; includeInIndex = 1; lastKnownFileType = text.xcconfig; name = "Pods-TumblrUITests.debug.xcconfig"; path = "Target Support Files/Pods-TumblrUITests/Pods-TumblrUITests.debug.xcconfig"; sourceTree = "<group>"; };
		F06A08E83840FA456F1373E8 /* Pods-TumblrUITests.release.xcconfig */ = {isa = PBXFileReference; includeInIndex = 1; lastKnownFileType = text.xcconfig; name = "Pods-TumblrUITests.release.xcconfig"; path = "Target Support Files/Pods-TumblrUITests/Pods-TumblrUITests.release.xcconfig"; sourceTree = "<group>"; };
/* End PBXFileReference section */

/* Begin PBXFrameworksBuildPhase section */
		196EA3462329D19E00222796 /* Frameworks */ = {
			isa = PBXFrameworksBuildPhase;
			buildActionMask = 2147483647;
			files = (
				BC65456E938ADEFE199731A6 /* Pods_Tumblr.framework in Frameworks */,
			);
			runOnlyForDeploymentPostprocessing = 0;
		};
		196EA35A2329D19F00222796 /* Frameworks */ = {
			isa = PBXFrameworksBuildPhase;
			buildActionMask = 2147483647;
			files = (
				D356131326160034AC96D2B1 /* Pods_TumblrTests.framework in Frameworks */,
			);
			runOnlyForDeploymentPostprocessing = 0;
		};
		196EA3652329D19F00222796 /* Frameworks */ = {
			isa = PBXFrameworksBuildPhase;
			buildActionMask = 2147483647;
			files = (
				0FA453F7C5A3DC9EEDFF4770 /* Pods_TumblrUITests.framework in Frameworks */,
			);
			runOnlyForDeploymentPostprocessing = 0;
		};
/* End PBXFrameworksBuildPhase section */

/* Begin PBXGroup section */
		196EA3402329D19E00222796 = {
			isa = PBXGroup;
			children = (
				196EA34B2329D19E00222796 /* Tumblr */,
				196EA3602329D19F00222796 /* TumblrTests */,
				196EA36B2329D19F00222796 /* TumblrUITests */,
				196EA34A2329D19E00222796 /* Products */,
				2F12F36BD915994D62131A34 /* Pods */,
				ECEE606D4F8C4E5B42A21C0B /* Frameworks */,
			);
			sourceTree = "<group>";
		};
		196EA34A2329D19E00222796 /* Products */ = {
			isa = PBXGroup;
			children = (
				196EA3492329D19E00222796 /* Tumblr.app */,
				196EA35D2329D19F00222796 /* TumblrTests.xctest */,
				196EA3682329D19F00222796 /* TumblrUITests.xctest */,
			);
			name = Products;
			sourceTree = "<group>";
		};
		196EA34B2329D19E00222796 /* Tumblr */ = {
			isa = PBXGroup;
			children = (
				196EA37A2329D21F00222796 /* PhotosViewController.swift */,
				196EA34C2329D19E00222796 /* AppDelegate.swift */,
				196EA3502329D19E00222796 /* Main.storyboard */,
				196EA3532329D19F00222796 /* Assets.xcassets */,
				196EA3552329D19F00222796 /* LaunchScreen.storyboard */,
				196EA3582329D19F00222796 /* Info.plist */,
				196EA37E2329D6FD00222796 /* PhotoCell.swift */,
			);
			path = Tumblr;
			sourceTree = "<group>";
		};
		196EA3602329D19F00222796 /* TumblrTests */ = {
			isa = PBXGroup;
			children = (
				196EA3612329D19F00222796 /* TumblrTests.swift */,
				196EA3632329D19F00222796 /* Info.plist */,
			);
			path = TumblrTests;
			sourceTree = "<group>";
		};
		196EA36B2329D19F00222796 /* TumblrUITests */ = {
			isa = PBXGroup;
			children = (
				196EA36C2329D19F00222796 /* TumblrUITests.swift */,
				196EA36E2329D19F00222796 /* Info.plist */,
			);
			path = TumblrUITests;
			sourceTree = "<group>";
		};
		2F12F36BD915994D62131A34 /* Pods */ = {
			isa = PBXGroup;
			children = (
				13B4591FE55126C2C76C86BF /* Pods-Tumblr.debug.xcconfig */,
				AFE76F6CE7BB9E7D9C78A5C9 /* Pods-Tumblr.release.xcconfig */,
				5709C99E6584DB1D68869126 /* Pods-TumblrTests.debug.xcconfig */,
				4C22B729640B3C520FA093B8 /* Pods-TumblrTests.release.xcconfig */,
				E16D609C474100260D9D9B88 /* Pods-TumblrUITests.debug.xcconfig */,
				F06A08E83840FA456F1373E8 /* Pods-TumblrUITests.release.xcconfig */,
			);
			name = Pods;
			path = Pods;
			sourceTree = "<group>";
		};
		ECEE606D4F8C4E5B42A21C0B /* Frameworks */ = {
			isa = PBXGroup;
			children = (
				7CE1A414563ED397B093DB9C /* Pods_Tumblr.framework */,
				5ED0989120E68BFD97B056D7 /* Pods_TumblrTests.framework */,
				88C374B6B75684CDA74883F6 /* Pods_TumblrUITests.framework */,
			);
			name = Frameworks;
			sourceTree = "<group>";
		};
/* End PBXGroup section */

/* Begin PBXNativeTarget section */
		196EA3482329D19E00222796 /* Tumblr */ = {
			isa = PBXNativeTarget;
			buildConfigurationList = 196EA3712329D19F00222796 /* Build configuration list for PBXNativeTarget "Tumblr" */;
			buildPhases = (
				179AA1A9D7B3BB1695CACD26 /* [CP] Check Pods Manifest.lock */,
				196EA3452329D19E00222796 /* Sources */,
				196EA3462329D19E00222796 /* Frameworks */,
				196EA3472329D19E00222796 /* Resources */,
				04648DC837184C8F2C55CD56 /* [CP] Embed Pods Frameworks */,
			);
			buildRules = (
			);
			dependencies = (
			);
			name = Tumblr;
			productName = Tumblr;
			productReference = 196EA3492329D19E00222796 /* Tumblr.app */;
			productType = "com.apple.product-type.application";
		};
		196EA35C2329D19F00222796 /* TumblrTests */ = {
			isa = PBXNativeTarget;
			buildConfigurationList = 196EA3742329D19F00222796 /* Build configuration list for PBXNativeTarget "TumblrTests" */;
			buildPhases = (
				234ABEA69869874DD4B28A7E /* [CP] Check Pods Manifest.lock */,
				196EA3592329D19F00222796 /* Sources */,
				196EA35A2329D19F00222796 /* Frameworks */,
				196EA35B2329D19F00222796 /* Resources */,
			);
			buildRules = (
			);
			dependencies = (
				196EA35F2329D19F00222796 /* PBXTargetDependency */,
			);
			name = TumblrTests;
			productName = TumblrTests;
			productReference = 196EA35D2329D19F00222796 /* TumblrTests.xctest */;
			productType = "com.apple.product-type.bundle.unit-test";
		};
		196EA3672329D19F00222796 /* TumblrUITests */ = {
			isa = PBXNativeTarget;
			buildConfigurationList = 196EA3772329D19F00222796 /* Build configuration list for PBXNativeTarget "TumblrUITests" */;
			buildPhases = (
				A4EC47D9F5CE4F38593F8A34 /* [CP] Check Pods Manifest.lock */,
				196EA3642329D19F00222796 /* Sources */,
				196EA3652329D19F00222796 /* Frameworks */,
				196EA3662329D19F00222796 /* Resources */,
			);
			buildRules = (
			);
			dependencies = (
				196EA36A2329D19F00222796 /* PBXTargetDependency */,
			);
			name = TumblrUITests;
			productName = TumblrUITests;
			productReference = 196EA3682329D19F00222796 /* TumblrUITests.xctest */;
			productType = "com.apple.product-type.bundle.ui-testing";
		};
/* End PBXNativeTarget section */

/* Begin PBXProject section */
		196EA3412329D19E00222796 /* Project object */ = {
			isa = PBXProject;
			attributes = {
				LastSwiftUpdateCheck = 1030;
				LastUpgradeCheck = 1030;
				ORGANIZATIONNAME = "Brett Stevenson";
				TargetAttributes = {
					196EA3482329D19E00222796 = {
						CreatedOnToolsVersion = 10.3;
					};
					196EA35C2329D19F00222796 = {
						CreatedOnToolsVersion = 10.3;
						TestTargetID = 196EA3482329D19E00222796;
					};
					196EA3672329D19F00222796 = {
						CreatedOnToolsVersion = 10.3;
						TestTargetID = 196EA3482329D19E00222796;
					};
				};
			};
			buildConfigurationList = 196EA3442329D19E00222796 /* Build configuration list for PBXProject "Tumblr" */;
			compatibilityVersion = "Xcode 9.3";
			developmentRegion = en;
			hasScannedForEncodings = 0;
			knownRegions = (
				en,
				Base,
			);
			mainGroup = 196EA3402329D19E00222796;
			productRefGroup = 196EA34A2329D19E00222796 /* Products */;
			projectDirPath = "";
			projectRoot = "";
			targets = (
				196EA3482329D19E00222796 /* Tumblr */,
				196EA35C2329D19F00222796 /* TumblrTests */,
				196EA3672329D19F00222796 /* TumblrUITests */,
			);
		};
/* End PBXProject section */

/* Begin PBXResourcesBuildPhase section */
		196EA3472329D19E00222796 /* Resources */ = {
			isa = PBXResourcesBuildPhase;
			buildActionMask = 2147483647;
			files = (
				196EA3572329D19F00222796 /* LaunchScreen.storyboard in Resources */,
				196EA3542329D19F00222796 /* Assets.xcassets in Resources */,
				196EA3522329D19E00222796 /* Main.storyboard in Resources */,
			);
			runOnlyForDeploymentPostprocessing = 0;
		};
		196EA35B2329D19F00222796 /* Resources */ = {
			isa = PBXResourcesBuildPhase;
			buildActionMask = 2147483647;
			files = (
			);
			runOnlyForDeploymentPostprocessing = 0;
		};
		196EA3662329D19F00222796 /* Resources */ = {
			isa = PBXResourcesBuildPhase;
			buildActionMask = 2147483647;
			files = (
			);
			runOnlyForDeploymentPostprocessing = 0;
		};
/* End PBXResourcesBuildPhase section */

/* Begin PBXShellScriptBuildPhase section */
		04648DC837184C8F2C55CD56 /* [CP] Embed Pods Frameworks */ = {
			isa = PBXShellScriptBuildPhase;
			buildActionMask = 2147483647;
			files = (
			);
			inputFileListPaths = (
				"${PODS_ROOT}/Target Support Files/Pods-Tumblr/Pods-Tumblr-frameworks-${CONFIGURATION}-input-files.xcfilelist",
			);
			name = "[CP] Embed Pods Frameworks";
			outputFileListPaths = (
				"${PODS_ROOT}/Target Support Files/Pods-Tumblr/Pods-Tumblr-frameworks-${CONFIGURATION}-output-files.xcfilelist",
			);
			runOnlyForDeploymentPostprocessing = 0;
			shellPath = /bin/sh;
			shellScript = "\"${PODS_ROOT}/Target Support Files/Pods-Tumblr/Pods-Tumblr-frameworks.sh\"\n";
			showEnvVarsInLog = 0;
		};
		179AA1A9D7B3BB1695CACD26 /* [CP] Check Pods Manifest.lock */ = {
			isa = PBXShellScriptBuildPhase;
			buildActionMask = 2147483647;
			files = (
			);
			inputFileListPaths = (
			);
			inputPaths = (
				"${PODS_PODFILE_DIR_PATH}/Podfile.lock",
				"${PODS_ROOT}/Manifest.lock",
			);
			name = "[CP] Check Pods Manifest.lock";
			outputFileListPaths = (
			);
			outputPaths = (
				"$(DERIVED_FILE_DIR)/Pods-Tumblr-checkManifestLockResult.txt",
			);
			runOnlyForDeploymentPostprocessing = 0;
			shellPath = /bin/sh;
			shellScript = "diff \"${PODS_PODFILE_DIR_PATH}/Podfile.lock\" \"${PODS_ROOT}/Manifest.lock\" > /dev/null\nif [ $? != 0 ] ; then\n    # print error to STDERR\n    echo \"error: The sandbox is not in sync with the Podfile.lock. Run 'pod install' or update your CocoaPods installation.\" >&2\n    exit 1\nfi\n# This output is used by Xcode 'outputs' to avoid re-running this script phase.\necho \"SUCCESS\" > \"${SCRIPT_OUTPUT_FILE_0}\"\n";
			showEnvVarsInLog = 0;
		};
		234ABEA69869874DD4B28A7E /* [CP] Check Pods Manifest.lock */ = {
			isa = PBXShellScriptBuildPhase;
			buildActionMask = 2147483647;
			files = (
			);
			inputFileListPaths = (
			);
			inputPaths = (
				"${PODS_PODFILE_DIR_PATH}/Podfile.lock",
				"${PODS_ROOT}/Manifest.lock",
			);
			name = "[CP] Check Pods Manifest.lock";
			outputFileListPaths = (
			);
			outputPaths = (
				"$(DERIVED_FILE_DIR)/Pods-TumblrTests-checkManifestLockResult.txt",
			);
			runOnlyForDeploymentPostprocessing = 0;
			shellPath = /bin/sh;
			shellScript = "diff \"${PODS_PODFILE_DIR_PATH}/Podfile.lock\" \"${PODS_ROOT}/Manifest.lock\" > /dev/null\nif [ $? != 0 ] ; then\n    # print error to STDERR\n    echo \"error: The sandbox is not in sync with the Podfile.lock. Run 'pod install' or update your CocoaPods installation.\" >&2\n    exit 1\nfi\n# This output is used by Xcode 'outputs' to avoid re-running this script phase.\necho \"SUCCESS\" > \"${SCRIPT_OUTPUT_FILE_0}\"\n";
			showEnvVarsInLog = 0;
		};
		A4EC47D9F5CE4F38593F8A34 /* [CP] Check Pods Manifest.lock */ = {
			isa = PBXShellScriptBuildPhase;
			buildActionMask = 2147483647;
			files = (
			);
			inputFileListPaths = (
			);
			inputPaths = (
				"${PODS_PODFILE_DIR_PATH}/Podfile.lock",
				"${PODS_ROOT}/Manifest.lock",
			);
			name = "[CP] Check Pods Manifest.lock";
			outputFileListPaths = (
			);
			outputPaths = (
				"$(DERIVED_FILE_DIR)/Pods-TumblrUITests-checkManifestLockResult.txt",
			);
			runOnlyForDeploymentPostprocessing = 0;
			shellPath = /bin/sh;
			shellScript = "diff \"${PODS_PODFILE_DIR_PATH}/Podfile.lock\" \"${PODS_ROOT}/Manifest.lock\" > /dev/null\nif [ $? != 0 ] ; then\n    # print error to STDERR\n    echo \"error: The sandbox is not in sync with the Podfile.lock. Run 'pod install' or update your CocoaPods installation.\" >&2\n    exit 1\nfi\n# This output is used by Xcode 'outputs' to avoid re-running this script phase.\necho \"SUCCESS\" > \"${SCRIPT_OUTPUT_FILE_0}\"\n";
			showEnvVarsInLog = 0;
		};
/* End PBXShellScriptBuildPhase section */

/* Begin PBXSourcesBuildPhase section */
		196EA3452329D19E00222796 /* Sources */ = {
			isa = PBXSourcesBuildPhase;
			buildActionMask = 2147483647;
			files = (
				196EA34D2329D19E00222796 /* AppDelegate.swift in Sources */,
				196EA37F2329D6FD00222796 /* PhotoCell.swift in Sources */,
				196EA37B2329D21F00222796 /* PhotosViewController.swift in Sources */,
			);
			runOnlyForDeploymentPostprocessing = 0;
		};
		196EA3592329D19F00222796 /* Sources */ = {
			isa = PBXSourcesBuildPhase;
			buildActionMask = 2147483647;
			files = (
				196EA3622329D19F00222796 /* TumblrTests.swift in Sources */,
			);
			runOnlyForDeploymentPostprocessing = 0;
		};
		196EA3642329D19F00222796 /* Sources */ = {
			isa = PBXSourcesBuildPhase;
			buildActionMask = 2147483647;
			files = (
				196EA36D2329D19F00222796 /* TumblrUITests.swift in Sources */,
			);
			runOnlyForDeploymentPostprocessing = 0;
		};
/* End PBXSourcesBuildPhase section */

/* Begin PBXTargetDependency section */
		196EA35F2329D19F00222796 /* PBXTargetDependency */ = {
			isa = PBXTargetDependency;
			target = 196EA3482329D19E00222796 /* Tumblr */;
			targetProxy = 196EA35E2329D19F00222796 /* PBXContainerItemProxy */;
		};
		196EA36A2329D19F00222796 /* PBXTargetDependency */ = {
			isa = PBXTargetDependency;
			target = 196EA3482329D19E00222796 /* Tumblr */;
			targetProxy = 196EA3692329D19F00222796 /* PBXContainerItemProxy */;
		};
/* End PBXTargetDependency section */

/* Begin PBXVariantGroup section */
		196EA3502329D19E00222796 /* Main.storyboard */ = {
			isa = PBXVariantGroup;
			children = (
				196EA3512329D19E00222796 /* Base */,
			);
			name = Main.storyboard;
			sourceTree = "<group>";
		};
		196EA3552329D19F00222796 /* LaunchScreen.storyboard */ = {
			isa = PBXVariantGroup;
			children = (
				196EA3562329D19F00222796 /* Base */,
			);
			name = LaunchScreen.storyboard;
			sourceTree = "<group>";
		};
/* End PBXVariantGroup section */

/* Begin XCBuildConfiguration section */
		196EA36F2329D19F00222796 /* Debug */ = {
			isa = XCBuildConfiguration;
			buildSettings = {
				ALWAYS_SEARCH_USER_PATHS = NO;
				CLANG_ANALYZER_NONNULL = YES;
				CLANG_ANALYZER_NUMBER_OBJECT_CONVERSION = YES_AGGRESSIVE;
				CLANG_CXX_LANGUAGE_STANDARD = "gnu++14";
				CLANG_CXX_LIBRARY = "libc++";
				CLANG_ENABLE_MODULES = YES;
				CLANG_ENABLE_OBJC_ARC = YES;
				CLANG_ENABLE_OBJC_WEAK = YES;
				CLANG_WARN_BLOCK_CAPTURE_AUTORELEASING = YES;
				CLANG_WARN_BOOL_CONVERSION = YES;
				CLANG_WARN_COMMA = YES;
				CLANG_WARN_CONSTANT_CONVERSION = YES;
				CLANG_WARN_DEPRECATED_OBJC_IMPLEMENTATIONS = YES;
				CLANG_WARN_DIRECT_OBJC_ISA_USAGE = YES_ERROR;
				CLANG_WARN_DOCUMENTATION_COMMENTS = YES;
				CLANG_WARN_EMPTY_BODY = YES;
				CLANG_WARN_ENUM_CONVERSION = YES;
				CLANG_WARN_INFINITE_RECURSION = YES;
				CLANG_WARN_INT_CONVERSION = YES;
				CLANG_WARN_NON_LITERAL_NULL_CONVERSION = YES;
				CLANG_WARN_OBJC_IMPLICIT_RETAIN_SELF = YES;
				CLANG_WARN_OBJC_LITERAL_CONVERSION = YES;
				CLANG_WARN_OBJC_ROOT_CLASS = YES_ERROR;
				CLANG_WARN_RANGE_LOOP_ANALYSIS = YES;
				CLANG_WARN_STRICT_PROTOTYPES = YES;
				CLANG_WARN_SUSPICIOUS_MOVE = YES;
				CLANG_WARN_UNGUARDED_AVAILABILITY = YES_AGGRESSIVE;
				CLANG_WARN_UNREACHABLE_CODE = YES;
				CLANG_WARN__DUPLICATE_METHOD_MATCH = YES;
				CODE_SIGN_IDENTITY = "iPhone Developer";
				COPY_PHASE_STRIP = NO;
				DEBUG_INFORMATION_FORMAT = dwarf;
				ENABLE_STRICT_OBJC_MSGSEND = YES;
				ENABLE_TESTABILITY = YES;
				GCC_C_LANGUAGE_STANDARD = gnu11;
				GCC_DYNAMIC_NO_PIC = NO;
				GCC_NO_COMMON_BLOCKS = YES;
				GCC_OPTIMIZATION_LEVEL = 0;
				GCC_PREPROCESSOR_DEFINITIONS = (
					"DEBUG=1",
					"$(inherited)",
				);
				GCC_WARN_64_TO_32_BIT_CONVERSION = YES;
				GCC_WARN_ABOUT_RETURN_TYPE = YES_ERROR;
				GCC_WARN_UNDECLARED_SELECTOR = YES;
				GCC_WARN_UNINITIALIZED_AUTOS = YES_AGGRESSIVE;
				GCC_WARN_UNUSED_FUNCTION = YES;
				GCC_WARN_UNUSED_VARIABLE = YES;
				IPHONEOS_DEPLOYMENT_TARGET = 12.4;
				MTL_ENABLE_DEBUG_INFO = INCLUDE_SOURCE;
				MTL_FAST_MATH = YES;
				ONLY_ACTIVE_ARCH = YES;
				SDKROOT = iphoneos;
				SWIFT_ACTIVE_COMPILATION_CONDITIONS = DEBUG;
				SWIFT_OPTIMIZATION_LEVEL = "-Onone";
			};
			name = Debug;
		};
		196EA3702329D19F00222796 /* Release */ = {
			isa = XCBuildConfiguration;
			buildSettings = {
				ALWAYS_SEARCH_USER_PATHS = NO;
				CLANG_ANALYZER_NONNULL = YES;
				CLANG_ANALYZER_NUMBER_OBJECT_CONVERSION = YES_AGGRESSIVE;
				CLANG_CXX_LANGUAGE_STANDARD = "gnu++14";
				CLANG_CXX_LIBRARY = "libc++";
				CLANG_ENABLE_MODULES = YES;
				CLANG_ENABLE_OBJC_ARC = YES;
				CLANG_ENABLE_OBJC_WEAK = YES;
				CLANG_WARN_BLOCK_CAPTURE_AUTORELEASING = YES;
				CLANG_WARN_BOOL_CONVERSION = YES;
				CLANG_WARN_COMMA = YES;
				CLANG_WARN_CONSTANT_CONVERSION = YES;
				CLANG_WARN_DEPRECATED_OBJC_IMPLEMENTATIONS = YES;
				CLANG_WARN_DIRECT_OBJC_ISA_USAGE = YES_ERROR;
				CLANG_WARN_DOCUMENTATION_COMMENTS = YES;
				CLANG_WARN_EMPTY_BODY = YES;
				CLANG_WARN_ENUM_CONVERSION = YES;
				CLANG_WARN_INFINITE_RECURSION = YES;
				CLANG_WARN_INT_CONVERSION = YES;
				CLANG_WARN_NON_LITERAL_NULL_CONVERSION = YES;
				CLANG_WARN_OBJC_IMPLICIT_RETAIN_SELF = YES;
				CLANG_WARN_OBJC_LITERAL_CONVERSION = YES;
				CLANG_WARN_OBJC_ROOT_CLASS = YES_ERROR;
				CLANG_WARN_RANGE_LOOP_ANALYSIS = YES;
				CLANG_WARN_STRICT_PROTOTYPES = YES;
				CLANG_WARN_SUSPICIOUS_MOVE = YES;
				CLANG_WARN_UNGUARDED_AVAILABILITY = YES_AGGRESSIVE;
				CLANG_WARN_UNREACHABLE_CODE = YES;
				CLANG_WARN__DUPLICATE_METHOD_MATCH = YES;
				CODE_SIGN_IDENTITY = "iPhone Developer";
				COPY_PHASE_STRIP = NO;
				DEBUG_INFORMATION_FORMAT = "dwarf-with-dsym";
				ENABLE_NS_ASSERTIONS = NO;
				ENABLE_STRICT_OBJC_MSGSEND = YES;
				GCC_C_LANGUAGE_STANDARD = gnu11;
				GCC_NO_COMMON_BLOCKS = YES;
				GCC_WARN_64_TO_32_BIT_CONVERSION = YES;
				GCC_WARN_ABOUT_RETURN_TYPE = YES_ERROR;
				GCC_WARN_UNDECLARED_SELECTOR = YES;
				GCC_WARN_UNINITIALIZED_AUTOS = YES_AGGRESSIVE;
				GCC_WARN_UNUSED_FUNCTION = YES;
				GCC_WARN_UNUSED_VARIABLE = YES;
				IPHONEOS_DEPLOYMENT_TARGET = 12.4;
				MTL_ENABLE_DEBUG_INFO = NO;
				MTL_FAST_MATH = YES;
				SDKROOT = iphoneos;
				SWIFT_COMPILATION_MODE = wholemodule;
				SWIFT_OPTIMIZATION_LEVEL = "-O";
				VALIDATE_PRODUCT = YES;
			};
			name = Release;
		};
		196EA3722329D19F00222796 /* Debug */ = {
			isa = XCBuildConfiguration;
			baseConfigurationReference = 13B4591FE55126C2C76C86BF /* Pods-Tumblr.debug.xcconfig */;
			buildSettings = {
				ASSETCATALOG_COMPILER_APPICON_NAME = AppIcon;
				CODE_SIGN_STYLE = Automatic;
				INFOPLIST_FILE = Tumblr/Info.plist;
				LD_RUNPATH_SEARCH_PATHS = (
					"$(inherited)",
					"@executable_path/Frameworks",
				);
				PRODUCT_BUNDLE_IDENTIFIER = brettstevenson.Tumblr;
				PRODUCT_NAME = "$(TARGET_NAME)";
				SWIFT_VERSION = 5.0;
				TARGETED_DEVICE_FAMILY = "1,2";
			};
			name = Debug;
		};
		196EA3732329D19F00222796 /* Release */ = {
			isa = XCBuildConfiguration;
			baseConfigurationReference = AFE76F6CE7BB9E7D9C78A5C9 /* Pods-Tumblr.release.xcconfig */;
			buildSettings = {
				ASSETCATALOG_COMPILER_APPICON_NAME = AppIcon;
				CODE_SIGN_STYLE = Automatic;
				INFOPLIST_FILE = Tumblr/Info.plist;
				LD_RUNPATH_SEARCH_PATHS = (
					"$(inherited)",
					"@executable_path/Frameworks",
				);
				PRODUCT_BUNDLE_IDENTIFIER = brettstevenson.Tumblr;
				PRODUCT_NAME = "$(TARGET_NAME)";
				SWIFT_VERSION = 5.0;
				TARGETED_DEVICE_FAMILY = "1,2";
			};
			name = Release;
		};
		196EA3752329D19F00222796 /* Debug */ = {
			isa = XCBuildConfiguration;
			baseConfigurationReference = 5709C99E6584DB1D68869126 /* Pods-TumblrTests.debug.xcconfig */;
			buildSettings = {
				ALWAYS_EMBED_SWIFT_STANDARD_LIBRARIES = YES;
				BUNDLE_LOADER = "$(TEST_HOST)";
				CODE_SIGN_STYLE = Automatic;
				INFOPLIST_FILE = TumblrTests/Info.plist;
				LD_RUNPATH_SEARCH_PATHS = (
					"$(inherited)",
					"@executable_path/Frameworks",
					"@loader_path/Frameworks",
				);
				PRODUCT_BUNDLE_IDENTIFIER = brettstevenson.TumblrTests;
				PRODUCT_NAME = "$(TARGET_NAME)";
				SWIFT_VERSION = 5.0;
				TARGETED_DEVICE_FAMILY = "1,2";
				TEST_HOST = "$(BUILT_PRODUCTS_DIR)/Tumblr.app/Tumblr";
			};
			name = Debug;
		};
		196EA3762329D19F00222796 /* Release */ = {
			isa = XCBuildConfiguration;
			baseConfigurationReference = 4C22B729640B3C520FA093B8 /* Pods-TumblrTests.release.xcconfig */;
			buildSettings = {
				ALWAYS_EMBED_SWIFT_STANDARD_LIBRARIES = YES;
				BUNDLE_LOADER = "$(TEST_HOST)";
				CODE_SIGN_STYLE = Automatic;
				INFOPLIST_FILE = TumblrTests/Info.plist;
				LD_RUNPATH_SEARCH_PATHS = (
					"$(inherited)",
					"@executable_path/Frameworks",
					"@loader_path/Frameworks",
				);
				PRODUCT_BUNDLE_IDENTIFIER = brettstevenson.TumblrTests;
				PRODUCT_NAME = "$(TARGET_NAME)";
				SWIFT_VERSION = 5.0;
				TARGETED_DEVICE_FAMILY = "1,2";
				TEST_HOST = "$(BUILT_PRODUCTS_DIR)/Tumblr.app/Tumblr";
			};
			name = Release;
		};
		196EA3782329D19F00222796 /* Debug */ = {
			isa = XCBuildConfiguration;
			baseConfigurationReference = E16D609C474100260D9D9B88 /* Pods-TumblrUITests.debug.xcconfig */;
			buildSettings = {
				ALWAYS_EMBED_SWIFT_STANDARD_LIBRARIES = YES;
				CODE_SIGN_STYLE = Automatic;
				INFOPLIST_FILE = TumblrUITests/Info.plist;
				LD_RUNPATH_SEARCH_PATHS = (
					"$(inherited)",
					"@executable_path/Frameworks",
					"@loader_path/Frameworks",
				);
				PRODUCT_BUNDLE_IDENTIFIER = brettstevenson.TumblrUITests;
				PRODUCT_NAME = "$(TARGET_NAME)";
				SWIFT_VERSION = 5.0;
				TARGETED_DEVICE_FAMILY = "1,2";
				TEST_TARGET_NAME = Tumblr;
			};
			name = Debug;
		};
		196EA3792329D19F00222796 /* Release */ = {
			isa = XCBuildConfiguration;
			baseConfigurationReference = F06A08E83840FA456F1373E8 /* Pods-TumblrUITests.release.xcconfig */;
			buildSettings = {
				ALWAYS_EMBED_SWIFT_STANDARD_LIBRARIES = YES;
				CODE_SIGN_STYLE = Automatic;
				INFOPLIST_FILE = TumblrUITests/Info.plist;
				LD_RUNPATH_SEARCH_PATHS = (
					"$(inherited)",
					"@executable_path/Frameworks",
					"@loader_path/Frameworks",
				);
				PRODUCT_BUNDLE_IDENTIFIER = brettstevenson.TumblrUITests;
				PRODUCT_NAME = "$(TARGET_NAME)";
				SWIFT_VERSION = 5.0;
				TARGETED_DEVICE_FAMILY = "1,2";
				TEST_TARGET_NAME = Tumblr;
			};
			name = Release;
		};
/* End XCBuildConfiguration section */

/* Begin XCConfigurationList section */
		196EA3442329D19E00222796 /* Build configuration list for PBXProject "Tumblr" */ = {
			isa = XCConfigurationList;
			buildConfigurations = (
				196EA36F2329D19F00222796 /* Debug */,
				196EA3702329D19F00222796 /* Release */,
			);
			defaultConfigurationIsVisible = 0;
			defaultConfigurationName = Release;
		};
		196EA3712329D19F00222796 /* Build configuration list for PBXNativeTarget "Tumblr" */ = {
			isa = XCConfigurationList;
			buildConfigurations = (
				196EA3722329D19F00222796 /* Debug */,
				196EA3732329D19F00222796 /* Release */,
			);
			defaultConfigurationIsVisible = 0;
			defaultConfigurationName = Release;
		};
		196EA3742329D19F00222796 /* Build configuration list for PBXNativeTarget "TumblrTests" */ = {
			isa = XCConfigurationList;
			buildConfigurations = (
				196EA3752329D19F00222796 /* Debug */,
				196EA3762329D19F00222796 /* Release */,
			);
			defaultConfigurationIsVisible = 0;
			defaultConfigurationName = Release;
		};
		196EA3772329D19F00222796 /* Build configuration list for PBXNativeTarget "TumblrUITests" */ = {
			isa = XCConfigurationList;
			buildConfigurations = (
				196EA3782329D19F00222796 /* Debug */,
				196EA3792329D19F00222796 /* Release */,
			);
			defaultConfigurationIsVisible = 0;
			defaultConfigurationName = Release;
		};
/* End XCConfigurationList section */
	};
	rootObject = 196EA3412329D19E00222796 /* Project object */;
}
